
Microsoft Visual Studio Solution File, Format Version 12.00
# Visual Studio 15
VisualStudioVersion = 15.0.26124.0
MinimumVisualStudioVersion = 15.0.26124.0
Project("{FAE04EC0-301F-11D3-BF4B-00C04F79EFBC}") = "api", "HomeEvents.Api\HomeEvents.Api.csproj", "{C27F6CCA-01AF-4850-8F55-22E4055F92E9}"
EndProject
Project("{FAE04EC0-301F-11D3-BF4B-00C04F79EFBC}") = "common", "HomeEvents\HomeEvents.csproj", "{3C2540E6-EE79-4BAD-A06A-05B84A6D8621}"
EndProject
Project("{FAE04EC0-301F-11D3-BF4B-00C04F79EFBC}") = "HomeEvents.IntegrationSpecs", "HomeEvents.IntegrationSpecs\HomeEvents.IntegrationSpecs.csproj", "{53A9F1C2-F307-4CC4-A95B-62457C7A1349}"
EndProject
Project("{2150E333-8FDC-42A3-9474-1A3956D46DE8}") = "Specs", "Specs", "{2C07D213-5339-4B1F-A980-24B2D8B45B08}"
EndProject
Project("{FAE04EC0-301F-11D3-BF4B-00C04F79EFBC}") = "HomeEvents.TestingUtilities", "HomeEvents.TestingUtilities\HomeEvents.TestingUtilities.csproj", "{37A01132-0A11-4F39-83F3-809065001B9F}"
EndProject
Global
	GlobalSection(SolutionConfigurationPlatforms) = preSolution
		Debug|Any CPU = Debug|Any CPU
		Debug|x64 = Debug|x64
		Debug|x86 = Debug|x86
		Release|Any CPU = Release|Any CPU
		Release|x64 = Release|x64
		Release|x86 = Release|x86
	EndGlobalSection
	GlobalSection(SolutionProperties) = preSolution
		HideSolutionNode = FALSE
	EndGlobalSection
	GlobalSection(ProjectConfigurationPlatforms) = postSolution
		{C27F6CCA-01AF-4850-8F55-22E4055F92E9}.Debug|Any CPU.ActiveCfg = Debug|Any CPU
		{C27F6CCA-01AF-4850-8F55-22E4055F92E9}.Debug|Any CPU.Build.0 = Debug|Any CPU
		{C27F6CCA-01AF-4850-8F55-22E4055F92E9}.Debug|x64.ActiveCfg = Debug|Any CPU
		{C27F6CCA-01AF-4850-8F55-22E4055F92E9}.Debug|x64.Build.0 = Debug|Any CPU
		{C27F6CCA-01AF-4850-8F55-22E4055F92E9}.Debug|x86.ActiveCfg = Debug|Any CPU
		{C27F6CCA-01AF-4850-8F55-22E4055F92E9}.Debug|x86.Build.0 = Debug|Any CPU
		{C27F6CCA-01AF-4850-8F55-22E4055F92E9}.Release|Any CPU.ActiveCfg = Release|Any CPU
		{C27F6CCA-01AF-4850-8F55-22E4055F92E9}.Release|Any CPU.Build.0 = Release|Any CPU
		{C27F6CCA-01AF-4850-8F55-22E4055F92E9}.Release|x64.ActiveCfg = Release|Any CPU
		{C27F6CCA-01AF-4850-8F55-22E4055F92E9}.Release|x64.Build.0 = Release|Any CPU
		{C27F6CCA-01AF-4850-8F55-22E4055F92E9}.Release|x86.ActiveCfg = Release|Any CPU
		{C27F6CCA-01AF-4850-8F55-22E4055F92E9}.Release|x86.Build.0 = Release|Any CPU
		{3C2540E6-EE79-4BAD-A06A-05B84A6D8621}.Debug|Any CPU.ActiveCfg = Debug|Any CPU
		{3C2540E6-EE79-4BAD-A06A-05B84A6D8621}.Debug|Any CPU.Build.0 = Debug|Any CPU
		{3C2540E6-EE79-4BAD-A06A-05B84A6D8621}.Debug|x64.ActiveCfg = Debug|Any CPU
		{3C2540E6-EE79-4BAD-A06A-05B84A6D8621}.Debug|x64.Build.0 = Debug|Any CPU
		{3C2540E6-EE79-4BAD-A06A-05B84A6D8621}.Debug|x86.ActiveCfg = Debug|Any CPU
		{3C2540E6-EE79-4BAD-A06A-05B84A6D8621}.Debug|x86.Build.0 = Debug|Any CPU
		{3C2540E6-EE79-4BAD-A06A-05B84A6D8621}.Release|Any CPU.ActiveCfg = Release|Any CPU
		{3C2540E6-EE79-4BAD-A06A-05B84A6D8621}.Release|Any CPU.Build.0 = Release|Any CPU
		{3C2540E6-EE79-4BAD-A06A-05B84A6D8621}.Release|x64.ActiveCfg = Release|Any CPU
		{3C2540E6-EE79-4BAD-A06A-05B84A6D8621}.Release|x64.Build.0 = Release|Any CPU
		{3C2540E6-EE79-4BAD-A06A-05B84A6D8621}.Release|x86.ActiveCfg = Release|Any CPU
		{3C2540E6-EE79-4BAD-A06A-05B84A6D8621}.Release|x86.Build.0 = Release|Any CPU
		{53A9F1C2-F307-4CC4-A95B-62457C7A1349}.Debug|Any CPU.ActiveCfg = Debug|Any CPU
		{53A9F1C2-F307-4CC4-A95B-62457C7A1349}.Debug|Any CPU.Build.0 = Debug|Any CPU
		{53A9F1C2-F307-4CC4-A95B-62457C7A1349}.Debug|x64.ActiveCfg = Debug|Any CPU
		{53A9F1C2-F307-4CC4-A95B-62457C7A1349}.Debug|x64.Build.0 = Debug|Any CPU
		{53A9F1C2-F307-4CC4-A95B-62457C7A1349}.Debug|x86.ActiveCfg = Debug|Any CPU
		{53A9F1C2-F307-4CC4-A95B-62457C7A1349}.Debug|x86.Build.0 = Debug|Any CPU
		{53A9F1C2-F307-4CC4-A95B-62457C7A1349}.Release|Any CPU.ActiveCfg = Release|Any CPU
		{53A9F1C2-F307-4CC4-A95B-62457C7A1349}.Release|Any CPU.Build.0 = Release|Any CPU
		{53A9F1C2-F307-4CC4-A95B-62457C7A1349}.Release|x64.ActiveCfg = Release|Any CPU
		{53A9F1C2-F307-4CC4-A95B-62457C7A1349}.Release|x64.Build.0 = Release|Any CPU
		{53A9F1C2-F307-4CC4-A95B-62457C7A1349}.Release|x86.ActiveCfg = Release|Any CPU
		{53A9F1C2-F307-4CC4-A95B-62457C7A1349}.Release|x86.Build.0 = Release|Any CPU
		{37A01132-0A11-4F39-83F3-809065001B9F}.Debug|Any CPU.ActiveCfg = Debug|Any CPU
		{37A01132-0A11-4F39-83F3-809065001B9F}.Debug|Any CPU.Build.0 = Debug|Any CPU
		{37A01132-0A11-4F39-83F3-809065001B9F}.Debug|x64.ActiveCfg = Debug|Any CPU
		{37A01132-0A11-4F39-83F3-809065001B9F}.Debug|x64.Build.0 = Debug|Any CPU
		{37A01132-0A11-4F39-83F3-809065001B9F}.Debug|x86.ActiveCfg = Debug|Any CPU
		{37A01132-0A11-4F39-83F3-809065001B9F}.Debug|x86.Build.0 = Debug|Any CPU
		{37A01132-0A11-4F39-83F3-809065001B9F}.Release|Any CPU.ActiveCfg = Release|Any CPU
		{37A01132-0A11-4F39-83F3-809065001B9F}.Release|Any CPU.Build.0 = Release|Any CPU
		{37A01132-0A11-4F39-83F3-809065001B9F}.Release|x64.ActiveCfg = Release|Any CPU
		{37A01132-0A11-4F39-83F3-809065001B9F}.Release|x64.Build.0 = Release|Any CPU
		{37A01132-0A11-4F39-83F3-809065001B9F}.Release|x86.ActiveCfg = Release|Any CPU
		{37A01132-0A11-4F39-83F3-809065001B9F}.Release|x86.Build.0 = Release|Any CPU
	EndGlobalSection
	GlobalSection(NestedProjects) = preSolution
		{53A9F1C2-F307-4CC4-A95B-62457C7A1349} = {2C07D213-5339-4B1F-A980-24B2D8B45B08}
		{37A01132-0A11-4F39-83F3-809065001B9F} = {2C07D213-5339-4B1F-A980-24B2D8B45B08}
	EndGlobalSection
EndGlobal
